dependencies:
- name: rbc-auth
  repository: file://../subcharts/rbc-auth
  version: 0.2.1
- name: rbc-subscriptions
  repository: file://../subcharts/rbc-subscriptions
  version: 0.2.1
- name: nats
  repository: https://nats-io.github.io/k8s/helm/charts/
  version: 0.14.2
digest: sha256:f64d75923b4cf975a09eadf5cfac70817d5979b9e122cbb2c9fef946a52b4542
generated: "2022-04-01T13:59:18.655453+11:00"
